Microsoft Visual Studio Solution File, Format Version 12.00
# Visual Studio Version 17
VisualStudioVersion = 17.5.2.0
MinimumVisualStudioVersion = 10.0.40219.1
Project("{FAE04EC0-301F-11D3-BF4B-00C04F79EFBC}") = "LeetCodeProblems", "LeetCodeProblems.csproj", "{814EAE2D-C6C3-B76F-4C69-4FDEC1C1A6D2}"
EndProject
Global
	GlobalSection(SolutionConfigurationPlatforms) = preSolution
		Debug|Any CPU = Debug|Any CPU
		Release|Any CPU = Release|Any CPU
	EndGlobalSection
	GlobalSection(ProjectConfigurationPlatforms) = postSolution
		{814EAE2D-C6C3-B76F-4C69-4FDEC1C1A6D2}.Debug|Any CPU.ActiveCfg = Debug|Any CPU
		{814EAE2D-C6C3-B76F-4C69-4FDEC1C1A6D2}.Debug|Any CPU.Build.0 = Debug|Any CPU
		{814EAE2D-C6C3-B76F-4C69-4FDEC1C1A6D2}.Release|Any CPU.ActiveCfg = Release|Any CPU
		{814EAE2D-C6C3-B76F-4C69-4FDEC1C1A6D2}.Release|Any CPU.Build.0 = Release|Any CPU
	EndGlobalSection
	GlobalSection(SolutionProperties) = preSolution
		HideSolutionNode = FALSE
	EndGlobalSection
	GlobalSection(ExtensibilityGlobals) = postSolution
		SolutionGuid = {6A35C0F9-CDF6-4C77-9ED4-0B59FEF09E0C}
	EndGlobalSection
EndGlobal
